<?xml version="1.0" encoding="utf-8"?>
<Project ToolsVersion="4.0" xmlns="http://schemas.microsoft.com/developer/msbuild/2003">
  <ItemGroup>
    <Filter Include="源文件">
      <UniqueIdentifier>{4FC737F1-C7A5-4376-A066-2A32D752A2FF}</UniqueIdentifier>
      <Extensions>cpp;c;cxx;def;odl;idl;hpj;bat;asm;asmx</Extensions>
    </Filter>
    <Filter Include="源文件\Graphics">
      <UniqueIdentifier>{5bfef9e6-702c-4516-8c84-066bf57b58a4}</UniqueIdentifier>
    </Filter>
    <Filter Include="源文件\Graphics\2D">
      <UniqueIdentifier>{80a05e79-aea5-456a-bb74-6cdd11e94fd7}</UniqueIdentifier>
    </Filter>
    <Filter Include="源文件\Graphics\3D">
      <UniqueIdentifier>{01f80c1f-7d37-4823-9d2d-c10abebf7704}</UniqueIdentifier>
    </Filter>
    <Filter Include="源文件\Frame">
      <UniqueIdentifier>{db3f1f91-fba8-4614-9c55-8c7fd8d1f469}</UniqueIdentifier>
    </Filter>
    <Filter Include="头文件">
      <UniqueIdentifier>{93995380-89BD-4b04-88EB-625FBE52EBFB}</UniqueIdentifier>
      <Extensions>h;hpp;hxx;hm;inl;inc;xsd</Extensions>
    </Filter>
    <Filter Include="头文件\Graphics">
      <UniqueIdentifier>{61763589-4ca5-43f0-9c92-894cda0ebcab}</UniqueIdentifier>
    </Filter>
    <Filter Include="头文件\Graphics\2D">
      <UniqueIdentifier>{4b25aa1c-5545-4e4a-b7e3-25fbd39da1d3}</UniqueIdentifier>
    </Filter>
    <Filter Include="头文件\Graphics\3D">
      <UniqueIdentifier>{c736feda-75e3-4836-93a6-db85f33bb653}</UniqueIdentifier>
    </Filter>
    <Filter Include="头文件\Frame">
      <UniqueIdentifier>{5f84a697-2405-495f-846f-8c4c8c41ff15}</UniqueIdentifier>
    </Filter>
    <Filter Include="资源文件">
      <UniqueIdentifier>{67DA6AB6-F800-4c08-8B7A-83BB121AAD01}</UniqueIdentifier>
      <Extensions>rc;ico;cur;bmp;dlg;rc2;rct;bin;rgs;gif;jpg;jpeg;jpe;resx</Extensions>
    </Filter>
  </ItemGroup>
  <ItemGroup>
    <ClCompile Include="Graphics\graphics.cpp">
      <Filter>源文件\Graphics</Filter>
    </ClCompile>
    <ClCompile Include="Graphics\Circle.cpp">
      <Filter>源文件\Graphics\2D</Filter>
    </ClCompile>
    <ClCompile Include="Graphics\Clipping.cpp">
      <Filter>源文件\Graphics\2D</Filter>
    </ClCompile>
    <ClCompile Include="Graphics\ClipPoly.cpp">
      <Filter>源文件\Graphics\2D</Filter>
    </ClCompile>
    <ClCompile Include="Graphics\Line.cpp">
      <Filter>源文件\Graphics\2D</Filter>
    </ClCompile>
    <ClCompile Include="Graphics\PolyFill.cpp">
      <Filter>源文件\Graphics\2D</Filter>
    </ClCompile>
    <ClCompile Include="Graphics\Polygon.cpp">
      <Filter>源文件\Graphics\2D</Filter>
    </ClCompile>
    <ClCompile Include="Graphics\3d_scanline.cpp">
      <Filter>源文件\Graphics\3D</Filter>
    </ClCompile>
    <ClCompile Include="Graphics\3DLoader.cpp">
      <Filter>源文件\Graphics\3D</Filter>
    </ClCompile>
    <ClCompile Include="Graphics\lightling.cpp">
      <Filter>源文件\Graphics\3D</Filter>
    </ClCompile>
    <ClCompile Include="Graphics\LineCulling.cpp">
      <Filter>源文件\Graphics\3D</Filter>
    </ClCompile>
    <ClCompile Include="CGAlgorithm.cpp">
      <Filter>源文件\Frame</Filter>
    </ClCompile>
    <ClCompile Include="CGAlgorithmDoc.cpp">
      <Filter>源文件\Frame</Filter>
    </ClCompile>
    <ClCompile Include="CGAlgorithmView.cpp">
      <Filter>源文件\Frame</Filter>
    </ClCompile>
    <ClCompile Include="LeftView.cpp">
      <Filter>源文件\Frame</Filter>
    </ClCompile>
    <ClCompile Include="MainFrm.cpp">
      <Filter>源文件\Frame</Filter>
    </ClCompile>
    <ClCompile Include="RightView.cpp">
      <Filter>源文件\Frame</Filter>
    </ClCompile>
    <ClCompile Include="stdafx.cpp">
      <Filter>源文件\Frame</Filter>
    </ClCompile>
  </ItemGroup>
  <ItemGroup>
    <ClInclude Include="Graphics\Graphics.h">
      <Filter>头文件\Graphics</Filter>
    </ClInclude>
    <ClInclude Include="Graphics\Vector3.h">
      <Filter>头文件\Graphics</Filter>
    </ClInclude>
    <ClInclude Include="Graphics\Circle.h">
      <Filter>头文件\Graphics\2D</Filter>
    </ClInclude>
    <ClInclude Include="Graphics\Clipping.h">
      <Filter>头文件\Graphics\2D</Filter>
    </ClInclude>
    <ClInclude Include="Graphics\ClipPoly.h">
      <Filter>头文件\Graphics\2D</Filter>
    </ClInclude>
    <ClInclude Include="Graphics\Line.h">
      <Filter>头文件\Graphics\2D</Filter>
    </ClInclude>
    <ClInclude Include="Graphics\PolyFill.h">
      <Filter>头文件\Graphics\2D</Filter>
    </ClInclude>
    <ClInclude Include="Graphics\Polygon.h">
      <Filter>头文件\Graphics\2D</Filter>
    </ClInclude>
    <ClInclude Include="Graphics\3DLoader.h">
      <Filter>头文件\Graphics\3D</Filter>
    </ClInclude>
    <ClInclude Include="Graphics\lighting.h">
      <Filter>头文件\Graphics\3D</Filter>
    </ClInclude>
    <ClInclude Include="Graphics\LineCulling.h">
      <Filter>头文件\Graphics\3D</Filter>
    </ClInclude>
    <ClInclude Include="CGAlgorithm.h">
      <Filter>头文件\Frame</Filter>
    </ClInclude>
    <ClInclude Include="CGAlgorithmDoc.h">
      <Filter>头文件\Frame</Filter>
    </ClInclude>
    <ClInclude Include="CGAlgorithmView.h">
      <Filter>头文件\Frame</Filter>
    </ClInclude>
    <ClInclude Include="LeftView.h">
      <Filter>头文件\Frame</Filter>
    </ClInclude>
    <ClInclude Include="MainFrm.h">
      <Filter>头文件\Frame</Filter>
    </ClInclude>
    <ClInclude Include="MyHead.h">
      <Filter>头文件\Frame</Filter>
    </ClInclude>
    <ClInclude Include="Resource.h">
      <Filter>头文件\Frame</Filter>
    </ClInclude>
    <ClInclude Include="RightView.h">
      <Filter>头文件\Frame</Filter>
    </ClInclude>
    <ClInclude Include="stdafx.h">
      <Filter>头文件\Frame</Filter>
    </ClInclude>
  </ItemGroup>
  <ItemGroup>
    <Image Include="res\CGAlgorithm.ico">
      <Filter>资源文件</Filter>
    </Image>
    <Image Include="res\CGAlgorithmDoc.ico">
      <Filter>资源文件</Filter>
    </Image>
    <Image Include="res\Toolbar.bmp">
      <Filter>资源文件</Filter>
    </Image>
  </ItemGroup>
  <ItemGroup>
    <ResourceCompile Include="CGAlgorithm.rc">
      <Filter>资源文件</Filter>
    </ResourceCompile>
  </ItemGroup>
  <ItemGroup>
    <None Include="res\CGAlgorithm.rc2">
      <Filter>资源文件</Filter>
    </None>
  </ItemGroup>
  <ItemGroup>
    <Manifest Include="res\CGAlgorithm.manifest" />
  </ItemGroup>
  <ItemGroup>
    <Text Include="diary.txt" />
    <Text Include="ReadMe.txt" />
  </ItemGroup>
</Project>